
Microsoft Visual Studio Solution File, Format Version 12.00
# Visual Studio Version 16
VisualStudioVersion = 16.0.30104.148
MinimumVisualStudioVersion = 10.0.40219.1
Project("{9A19103F-16F7-4668-BE54-9A1E7A4F7556}") = "BlogCloud.API", "BlogCloud.API.csproj", "{731139C3-7E4D-4290-8256-08DAD792E7A2}"
EndProject
Project("{9A19103F-16F7-4668-BE54-9A1E7A4F7556}") = "BlogCloud.Model", "..\BlogCloud.Model\BlogCloud.Model.csproj", "{6DF70572-457A-47A0-A207-2F0529A53249}"
EndProject
Project("{9A19103F-16F7-4668-BE54-9A1E7A4F7556}") = "BlogCloud.Common", "..\BlogCloud.Common\BlogCloud.Common.csproj", "{9C6CED7D-EF0D-478A-83ED-21E236AA526A}"
EndProject
Project("{9A19103F-16F7-4668-BE54-9A1E7A4F7556}") = "IRepository", "..\IRepository\IRepository.csproj", "{60BB4B62-DE50-405C-A143-580A86F31C28}"
EndProject
Project("{9A19103F-16F7-4668-BE54-9A1E7A4F7556}") = "Repository", "..\Repository\Repository.csproj", "{C1D687D6-5D72-403F-A632-821B13A3628B}"
EndProject
Project("{FAE04EC0-301F-11D3-BF4B-00C04F79EFBC}") = "BlogCloud.IService", "..\BlogCloud.IService\BlogCloud.IService.csproj", "{A8CEBE42-695D-464C-BEC5-859AECC5B855}"
EndProject
Project("{FAE04EC0-301F-11D3-BF4B-00C04F79EFBC}") = "BlogCloud.Service", "..\BlogCloud.Service\BlogCloud.Service.csproj", "{CBB6E585-FA1D-4EE8-B179-CC0E1207C4AB}"
EndProject
Global
	GlobalSection(SolutionConfigurationPlatforms) = preSolution
		Debug|Any CPU = Debug|Any CPU
		Release|Any CPU = Release|Any CPU
	EndGlobalSection
	GlobalSection(ProjectConfigurationPlatforms) = postSolution
		{731139C3-7E4D-4290-8256-08DAD792E7A2}.Debug|Any CPU.ActiveCfg = Debug|Any CPU
		{731139C3-7E4D-4290-8256-08DAD792E7A2}.Debug|Any CPU.Build.0 = Debug|Any CPU
		{731139C3-7E4D-4290-8256-08DAD792E7A2}.Release|Any CPU.ActiveCfg = Release|Any CPU
		{731139C3-7E4D-4290-8256-08DAD792E7A2}.Release|Any CPU.Build.0 = Release|Any CPU
		{6DF70572-457A-47A0-A207-2F0529A53249}.Debug|Any CPU.ActiveCfg = Debug|Any CPU
		{6DF70572-457A-47A0-A207-2F0529A53249}.Debug|Any CPU.Build.0 = Debug|Any CPU
		{6DF70572-457A-47A0-A207-2F0529A53249}.Release|Any CPU.ActiveCfg = Release|Any CPU
		{6DF70572-457A-47A0-A207-2F0529A53249}.Release|Any CPU.Build.0 = Release|Any CPU
		{9C6CED7D-EF0D-478A-83ED-21E236AA526A}.Debug|Any CPU.ActiveCfg = Debug|Any CPU
		{9C6CED7D-EF0D-478A-83ED-21E236AA526A}.Debug|Any CPU.Build.0 = Debug|Any CPU
		{9C6CED7D-EF0D-478A-83ED-21E236AA526A}.Release|Any CPU.ActiveCfg = Release|Any CPU
		{9C6CED7D-EF0D-478A-83ED-21E236AA526A}.Release|Any CPU.Build.0 = Release|Any CPU
		{60BB4B62-DE50-405C-A143-580A86F31C28}.Debug|Any CPU.ActiveCfg = Debug|Any CPU
		{60BB4B62-DE50-405C-A143-580A86F31C28}.Debug|Any CPU.Build.0 = Debug|Any CPU
		{60BB4B62-DE50-405C-A143-580A86F31C28}.Release|Any CPU.ActiveCfg = Release|Any CPU
		{60BB4B62-DE50-405C-A143-580A86F31C28}.Release|Any CPU.Build.0 = Release|Any CPU
		{C1D687D6-5D72-403F-A632-821B13A3628B}.Debug|Any CPU.ActiveCfg = Debug|Any CPU
		{C1D687D6-5D72-403F-A632-821B13A3628B}.Debug|Any CPU.Build.0 = Debug|Any CPU
		{C1D687D6-5D72-403F-A632-821B13A3628B}.Release|Any CPU.ActiveCfg = Release|Any CPU
		{C1D687D6-5D72-403F-A632-821B13A3628B}.Release|Any CPU.Build.0 = Release|Any CPU
		{A8CEBE42-695D-464C-BEC5-859AECC5B855}.Debug|Any CPU.ActiveCfg = Debug|Any CPU
		{A8CEBE42-695D-464C-BEC5-859AECC5B855}.Debug|Any CPU.Build.0 = Debug|Any CPU
		{A8CEBE42-695D-464C-BEC5-859AECC5B855}.Release|Any CPU.ActiveCfg = Release|Any CPU
		{A8CEBE42-695D-464C-BEC5-859AECC5B855}.Release|Any CPU.Build.0 = Release|Any CPU
		{CBB6E585-FA1D-4EE8-B179-CC0E1207C4AB}.Debug|Any CPU.ActiveCfg = Debug|Any CPU
		{CBB6E585-FA1D-4EE8-B179-CC0E1207C4AB}.Debug|Any CPU.Build.0 = Debug|Any CPU
		{CBB6E585-FA1D-4EE8-B179-CC0E1207C4AB}.Release|Any CPU.ActiveCfg = Release|Any CPU
		{CBB6E585-FA1D-4EE8-B179-CC0E1207C4AB}.Release|Any CPU.Build.0 = Release|Any CPU
	EndGlobalSection
	GlobalSection(SolutionProperties) = preSolution
		HideSolutionNode = FALSE
	EndGlobalSection
	GlobalSection(ExtensibilityGlobals) = postSolution
		SolutionGuid = {25A047FD-FAE9-4CCB-9134-94E3B722DB87}
	EndGlobalSection
EndGlobal
